
Microsoft Visual Studio Solution File, Format Version 12.00
# Visual Studio Version 17
VisualStudioVersion = 17.13.35825.156 d17.13
MinimumVisualStudioVersion = 10.0.40219.1
Project("{2150E333-8FDC-42A3-9474-1A3956D46DE8}") = "src", "src", "{02EA681E-C7D8-13C7-8484-4AC65E1B71E8}"
EndProject
Project("{FAE04EC0-301F-11D3-BF4B-00C04F79EFBC}") = "Ecom.Core", "Ecom.Core\Ecom.Core.csproj", "{30017095-449F-41E1-9CFC-D740211BC92D}"
EndProject
Project("{FAE04EC0-301F-11D3-BF4B-00C04F79EFBC}") = "Ecom.Infrastructure", "Ecom.Infrastructure\Ecom.Infrastructure.csproj", "{73219351-E432-494C-9BCC-28652C82ADAC}"
EndProject
Project("{FAE04EC0-301F-11D3-BF4B-00C04F79EFBC}") = "Ecom.API", "Ecom.API\Ecom.API.csproj", "{1AA81809-26AB-4BB7-8590-54B5D3482147}"
EndProject
Global
	GlobalSection(SolutionConfigurationPlatforms) = preSolution
		Debug|Any CPU = Debug|Any CPU
		Release|Any CPU = Release|Any CPU
	EndGlobalSection
	GlobalSection(ProjectConfigurationPlatforms) = postSolution
		{30017095-449F-41E1-9CFC-D740211BC92D}.Debug|Any CPU.ActiveCfg = Debug|Any CPU
		{30017095-449F-41E1-9CFC-D740211BC92D}.Debug|Any CPU.Build.0 = Debug|Any CPU
		{30017095-449F-41E1-9CFC-D740211BC92D}.Release|Any CPU.ActiveCfg = Release|Any CPU
		{30017095-449F-41E1-9CFC-D740211BC92D}.Release|Any CPU.Build.0 = Release|Any CPU
		{73219351-E432-494C-9BCC-28652C82ADAC}.Debug|Any CPU.ActiveCfg = Debug|Any CPU
		{73219351-E432-494C-9BCC-28652C82ADAC}.Debug|Any CPU.Build.0 = Debug|Any CPU
		{73219351-E432-494C-9BCC-28652C82ADAC}.Release|Any CPU.ActiveCfg = Release|Any CPU
		{73219351-E432-494C-9BCC-28652C82ADAC}.Release|Any CPU.Build.0 = Release|Any CPU
		{1AA81809-26AB-4BB7-8590-54B5D3482147}.Debug|Any CPU.ActiveCfg = Debug|Any CPU
		{1AA81809-26AB-4BB7-8590-54B5D3482147}.Debug|Any CPU.Build.0 = Debug|Any CPU
		{1AA81809-26AB-4BB7-8590-54B5D3482147}.Release|Any CPU.ActiveCfg = Release|Any CPU
		{1AA81809-26AB-4BB7-8590-54B5D3482147}.Release|Any CPU.Build.0 = Release|Any CPU
	EndGlobalSection
	GlobalSection(SolutionProperties) = preSolution
		HideSolutionNode = FALSE
	EndGlobalSection
	GlobalSection(NestedProjects) = preSolution
		{30017095-449F-41E1-9CFC-D740211BC92D} = {02EA681E-C7D8-13C7-8484-4AC65E1B71E8}
		{73219351-E432-494C-9BCC-28652C82ADAC} = {02EA681E-C7D8-13C7-8484-4AC65E1B71E8}
		{1AA81809-26AB-4BB7-8590-54B5D3482147} = {02EA681E-C7D8-13C7-8484-4AC65E1B71E8}
	EndGlobalSection
	GlobalSection(ExtensibilityGlobals) = postSolution
		SolutionGuid = {2253D886-5105-4FCB-94C1-16C9BBDE086A}
	EndGlobalSection
EndGlobal
